
Microsoft Visual Studio Solution File, Format Version 12.00
# Visual Studio 15
VisualStudioVersion = 15.0.26124.0
MinimumVisualStudioVersion = 15.0.26124.0
Project("{2150E333-8FDC-42A3-9474-1A3956D46DE8}") = "src", "src", "{7DFFBB0F-504F-448A-8B61-7E0C14D5B02A}"
EndProject
Project("{FAE04EC0-301F-11D3-BF4B-00C04F79EFBC}") = "Navix", "src\Navix\Navix.csproj", "{68E8930F-1EE0-4FDA-A65D-C7364D2C263C}"
EndProject
Project("{2150E333-8FDC-42A3-9474-1A3956D46DE8}") = "tests", "tests", "{D348FD64-4C56-4543-862B-FBEB7DF1F6FE}"
EndProject
Project("{FAE04EC0-301F-11D3-BF4B-00C04F79EFBC}") = "Navix.UnitTests", "tests\Navix.UnitTests\Navix.UnitTests.csproj", "{03526F19-F955-4E56-B577-14BEDE5C51A2}"
EndProject
Global
	GlobalSection(SolutionConfigurationPlatforms) = preSolution
		Debug|Any CPU = Debug|Any CPU
		Debug|x64 = Debug|x64
		Debug|x86 = Debug|x86
		Release|Any CPU = Release|Any CPU
		Release|x64 = Release|x64
		Release|x86 = Release|x86
	EndGlobalSection
	GlobalSection(SolutionProperties) = preSolution
		HideSolutionNode = FALSE
	EndGlobalSection
	GlobalSection(ProjectConfigurationPlatforms) = postSolution
		{68E8930F-1EE0-4FDA-A65D-C7364D2C263C}.Debug|Any CPU.ActiveCfg = Debug|Any CPU
		{68E8930F-1EE0-4FDA-A65D-C7364D2C263C}.Debug|Any CPU.Build.0 = Debug|Any CPU
		{68E8930F-1EE0-4FDA-A65D-C7364D2C263C}.Debug|x64.ActiveCfg = Debug|Any CPU
		{68E8930F-1EE0-4FDA-A65D-C7364D2C263C}.Debug|x64.Build.0 = Debug|Any CPU
		{68E8930F-1EE0-4FDA-A65D-C7364D2C263C}.Debug|x86.ActiveCfg = Debug|Any CPU
		{68E8930F-1EE0-4FDA-A65D-C7364D2C263C}.Debug|x86.Build.0 = Debug|Any CPU
		{68E8930F-1EE0-4FDA-A65D-C7364D2C263C}.Release|Any CPU.ActiveCfg = Release|Any CPU
		{68E8930F-1EE0-4FDA-A65D-C7364D2C263C}.Release|Any CPU.Build.0 = Release|Any CPU
		{68E8930F-1EE0-4FDA-A65D-C7364D2C263C}.Release|x64.ActiveCfg = Release|Any CPU
		{68E8930F-1EE0-4FDA-A65D-C7364D2C263C}.Release|x64.Build.0 = Release|Any CPU
		{68E8930F-1EE0-4FDA-A65D-C7364D2C263C}.Release|x86.ActiveCfg = Release|Any CPU
		{68E8930F-1EE0-4FDA-A65D-C7364D2C263C}.Release|x86.Build.0 = Release|Any CPU
		{03526F19-F955-4E56-B577-14BEDE5C51A2}.Debug|Any CPU.ActiveCfg = Debug|Any CPU
		{03526F19-F955-4E56-B577-14BEDE5C51A2}.Debug|Any CPU.Build.0 = Debug|Any CPU
		{03526F19-F955-4E56-B577-14BEDE5C51A2}.Debug|x64.ActiveCfg = Debug|Any CPU
		{03526F19-F955-4E56-B577-14BEDE5C51A2}.Debug|x64.Build.0 = Debug|Any CPU
		{03526F19-F955-4E56-B577-14BEDE5C51A2}.Debug|x86.ActiveCfg = Debug|Any CPU
		{03526F19-F955-4E56-B577-14BEDE5C51A2}.Debug|x86.Build.0 = Debug|Any CPU
		{03526F19-F955-4E56-B577-14BEDE5C51A2}.Release|Any CPU.ActiveCfg = Release|Any CPU
		{03526F19-F955-4E56-B577-14BEDE5C51A2}.Release|Any CPU.Build.0 = Release|Any CPU
		{03526F19-F955-4E56-B577-14BEDE5C51A2}.Release|x64.ActiveCfg = Release|Any CPU
		{03526F19-F955-4E56-B577-14BEDE5C51A2}.Release|x64.Build.0 = Release|Any CPU
		{03526F19-F955-4E56-B577-14BEDE5C51A2}.Release|x86.ActiveCfg = Release|Any CPU
		{03526F19-F955-4E56-B577-14BEDE5C51A2}.Release|x86.Build.0 = Release|Any CPU
	EndGlobalSection
	GlobalSection(NestedProjects) = preSolution
		{68E8930F-1EE0-4FDA-A65D-C7364D2C263C} = {7DFFBB0F-504F-448A-8B61-7E0C14D5B02A}
		{03526F19-F955-4E56-B577-14BEDE5C51A2} = {D348FD64-4C56-4543-862B-FBEB7DF1F6FE}
	EndGlobalSection
EndGlobal
