
Microsoft Visual Studio Solution File, Format Version 12.00
# Visual Studio Version 16
VisualStudioVersion = 16.0.30413.136
MinimumVisualStudioVersion = 15.0.26124.0
Project("{2150E333-8FDC-42A3-9474-1A3956D46DE8}") = "src", "src", "{7DFFBB0F-504F-448A-8B61-7E0C14D5B02A}"
EndProject
Project("{9A19103F-16F7-4668-BE54-9A1E7A4F7556}") = "Navix", "src\Navix\Navix.csproj", "{68E8930F-1EE0-4FDA-A65D-C7364D2C263C}"
EndProject
Project("{2150E333-8FDC-42A3-9474-1A3956D46DE8}") = "tests", "tests", "{D348FD64-4C56-4543-862B-FBEB7DF1F6FE}"
EndProject
Project("{9A19103F-16F7-4668-BE54-9A1E7A4F7556}") = "Navix.UnitTests", "tests\Navix.UnitTests\Navix.UnitTests.csproj", "{03526F19-F955-4E56-B577-14BEDE5C51A2}"
EndProject
Project("{FAE04EC0-301F-11D3-BF4B-00C04F79EFBC}") = "Navix.Xamarin.AndroidX", "src\Navix.Xamarin.AndroidX\Navix.Xamarin.AndroidX.csproj", "{F5BC613A-B71E-4202-8015-DE8E9D7761AC}"
EndProject
Global
	GlobalSection(SolutionConfigurationPlatforms) = preSolution
		Debug|Any CPU = Debug|Any CPU
		Debug|x64 = Debug|x64
		Debug|x86 = Debug|x86
		Release|Any CPU = Release|Any CPU
		Release|x64 = Release|x64
		Release|x86 = Release|x86
	EndGlobalSection
	GlobalSection(ProjectConfigurationPlatforms) = postSolution
		{68E8930F-1EE0-4FDA-A65D-C7364D2C263C}.Debug|Any CPU.ActiveCfg = Debug|Any CPU
		{68E8930F-1EE0-4FDA-A65D-C7364D2C263C}.Debug|Any CPU.Build.0 = Debug|Any CPU
		{68E8930F-1EE0-4FDA-A65D-C7364D2C263C}.Debug|x64.ActiveCfg = Debug|Any CPU
		{68E8930F-1EE0-4FDA-A65D-C7364D2C263C}.Debug|x64.Build.0 = Debug|Any CPU
		{68E8930F-1EE0-4FDA-A65D-C7364D2C263C}.Debug|x86.ActiveCfg = Debug|Any CPU
		{68E8930F-1EE0-4FDA-A65D-C7364D2C263C}.Debug|x86.Build.0 = Debug|Any CPU
		{68E8930F-1EE0-4FDA-A65D-C7364D2C263C}.Release|Any CPU.ActiveCfg = Release|Any CPU
		{68E8930F-1EE0-4FDA-A65D-C7364D2C263C}.Release|Any CPU.Build.0 = Release|Any CPU
		{68E8930F-1EE0-4FDA-A65D-C7364D2C263C}.Release|x64.ActiveCfg = Release|Any CPU
		{68E8930F-1EE0-4FDA-A65D-C7364D2C263C}.Release|x64.Build.0 = Release|Any CPU
		{68E8930F-1EE0-4FDA-A65D-C7364D2C263C}.Release|x86.ActiveCfg = Release|Any CPU
		{68E8930F-1EE0-4FDA-A65D-C7364D2C263C}.Release|x86.Build.0 = Release|Any CPU
		{03526F19-F955-4E56-B577-14BEDE5C51A2}.Debug|Any CPU.ActiveCfg = Debug|Any CPU
		{03526F19-F955-4E56-B577-14BEDE5C51A2}.Debug|Any CPU.Build.0 = Debug|Any CPU
		{03526F19-F955-4E56-B577-14BEDE5C51A2}.Debug|x64.ActiveCfg = Debug|Any CPU
		{03526F19-F955-4E56-B577-14BEDE5C51A2}.Debug|x64.Build.0 = Debug|Any CPU
		{03526F19-F955-4E56-B577-14BEDE5C51A2}.Debug|x86.ActiveCfg = Debug|Any CPU
		{03526F19-F955-4E56-B577-14BEDE5C51A2}.Debug|x86.Build.0 = Debug|Any CPU
		{03526F19-F955-4E56-B577-14BEDE5C51A2}.Release|Any CPU.ActiveCfg = Release|Any CPU
		{03526F19-F955-4E56-B577-14BEDE5C51A2}.Release|Any CPU.Build.0 = Release|Any CPU
		{03526F19-F955-4E56-B577-14BEDE5C51A2}.Release|x64.ActiveCfg = Release|Any CPU
		{03526F19-F955-4E56-B577-14BEDE5C51A2}.Release|x64.Build.0 = Release|Any CPU
		{03526F19-F955-4E56-B577-14BEDE5C51A2}.Release|x86.ActiveCfg = Release|Any CPU
		{03526F19-F955-4E56-B577-14BEDE5C51A2}.Release|x86.Build.0 = Release|Any CPU
		{F5BC613A-B71E-4202-8015-DE8E9D7761AC}.Debug|Any CPU.ActiveCfg = Debug|Any CPU
		{F5BC613A-B71E-4202-8015-DE8E9D7761AC}.Debug|Any CPU.Build.0 = Debug|Any CPU
		{F5BC613A-B71E-4202-8015-DE8E9D7761AC}.Debug|x64.ActiveCfg = Debug|Any CPU
		{F5BC613A-B71E-4202-8015-DE8E9D7761AC}.Debug|x64.Build.0 = Debug|Any CPU
		{F5BC613A-B71E-4202-8015-DE8E9D7761AC}.Debug|x86.ActiveCfg = Debug|Any CPU
		{F5BC613A-B71E-4202-8015-DE8E9D7761AC}.Debug|x86.Build.0 = Debug|Any CPU
		{F5BC613A-B71E-4202-8015-DE8E9D7761AC}.Release|Any CPU.ActiveCfg = Release|Any CPU
		{F5BC613A-B71E-4202-8015-DE8E9D7761AC}.Release|Any CPU.Build.0 = Release|Any CPU
		{F5BC613A-B71E-4202-8015-DE8E9D7761AC}.Release|x64.ActiveCfg = Release|Any CPU
		{F5BC613A-B71E-4202-8015-DE8E9D7761AC}.Release|x64.Build.0 = Release|Any CPU
		{F5BC613A-B71E-4202-8015-DE8E9D7761AC}.Release|x86.ActiveCfg = Release|Any CPU
		{F5BC613A-B71E-4202-8015-DE8E9D7761AC}.Release|x86.Build.0 = Release|Any CPU
	EndGlobalSection
	GlobalSection(SolutionProperties) = preSolution
		HideSolutionNode = FALSE
	EndGlobalSection
	GlobalSection(NestedProjects) = preSolution
		{68E8930F-1EE0-4FDA-A65D-C7364D2C263C} = {7DFFBB0F-504F-448A-8B61-7E0C14D5B02A}
		{03526F19-F955-4E56-B577-14BEDE5C51A2} = {D348FD64-4C56-4543-862B-FBEB7DF1F6FE}
		{F5BC613A-B71E-4202-8015-DE8E9D7761AC} = {7DFFBB0F-504F-448A-8B61-7E0C14D5B02A}
	EndGlobalSection
	GlobalSection(ExtensibilityGlobals) = postSolution
		SolutionGuid = {102DD7E4-BA37-45C2-8AF7-35B317D71232}
	EndGlobalSection
EndGlobal
